- alias: Wake up in the morning
  trigger:
    platform: template
    value_template: "{{ states.sensor.time.state == states.sensor.alarm_clock_time.state }}"
  condition:
    condition: and
    conditions:
      - condition: state
        entity_id: input_boolean.alarm_clock_status
        state: 'on'
      - condition: state
        entity_id: binary_sensor.workday_sensor
        state: 'on'
      - condition: state
        entity_id: calendar.vacations
        state: 'off'
      - condition: state
        entity_id: binary_sensor.someone_is_home
        state: 'on'
  action:
    service: script.wake_up